
Microsoft Visual Studio Solution File, Format Version 12.00
# Visual Studio Version 17
VisualStudioVersion = 17.10.35013.160
MinimumVisualStudioVersion = 10.0.40219.1
Project("{FAE04EC0-301F-11D3-BF4B-00C04F79EFBC}") = "ShopLineWebApplication", "ShopLineWebApplication.csproj", "{DA10A4F7-36A3-46CE-A3D0-8391336207EA}"
EndProject
Global
	GlobalSection(SolutionConfigurationPlatforms) = preSolution
		Debug|Any CPU = Debug|Any CPU
		Release|Any CPU = Release|Any CPU
	EndGlobalSection
	GlobalSection(ProjectConfigurationPlatforms) = postSolution
		{DA10A4F7-36A3-46CE-A3D0-8391336207EA}.Debug|Any CPU.ActiveCfg = Debug|Any CPU
		{DA10A4F7-36A3-46CE-A3D0-8391336207EA}.Debug|Any CPU.Build.0 = Debug|Any CPU
		{DA10A4F7-36A3-46CE-A3D0-8391336207EA}.Release|Any CPU.ActiveCfg = Release|Any CPU
		{DA10A4F7-36A3-46CE-A3D0-8391336207EA}.Release|Any CPU.Build.0 = Release|Any CPU
	EndGlobalSection
	GlobalSection(SolutionProperties) = preSolution
		HideSolutionNode = FALSE
	EndGlobalSection
	GlobalSection(ExtensibilityGlobals) = postSolution
		SolutionGuid = {B1F12A49-B83A-4B07-809B-DAAE0121BD13}
	EndGlobalSection
EndGlobal
